// !$*UTF8*$!
{
	archiveVersion = 1;
	classes = {
	};
	objectVersion = 46;
	objects = {

/* Begin PBXBuildFile section */
		147416FB1E308A210001BA5D /* AppDelegate.swift in Sources */ = {isa = PBXBuildFile; fileRef = 147416FA1E308A210001BA5D /* AppDelegate.swift */; };
		147416FD1E308A210001BA5D /* ViewController.swift in Sources */ = {isa = PBXBuildFile; fileRef = 147416FC1E308A210001BA5D /* ViewController.swift */; };
		147417001E308A210001BA5D /* Main.storyboard in Resources */ = {isa = PBXBuildFile; fileRef = 147416FE1E308A210001BA5D /* Main.storyboard */; };
		147417021E308A210001BA5D /* Assets.xcassets in Resources */ = {isa = PBXBuildFile; fileRef = 147417011E308A210001BA5D /* Assets.xcassets */; };
		147417051E308A210001BA5D /* LaunchScreen.storyboard in Resources */ = {isa = PBXBuildFile; fileRef = 147417031E308A210001BA5D /* LaunchScreen.storyboard */; };
		1474170D1E30967E0001BA5D /* TableViewController.swift in Sources */ = {isa = PBXBuildFile; fileRef = 1474170C1E30967E0001BA5D /* TableViewController.swift */; };
/* End PBXBuildFile section */

/* Begin PBXFileReference section */
		147416F71E308A210001BA5D /* HelloiPhone.app */ = {isa = PBXFileReference; explicitFileType = wrapper.application; includeInIndex = 0; path = HelloiPhone.app; sourceTree = BUILT_PRODUCTS_DIR; };
		147416FA1E308A210001BA5D /* AppDelegate.swift */ = {isa = PBXFileReference; lastKnownFileType = sourcecode.swift; path = AppDelegate.swift; sourceTree = "<group>"; };
		147416FC1E308A210001BA5D /* ViewController.swift */ = {isa = PBXFileReference; lastKnownFileType = sourcecode.swift; path = ViewController.swift; sourceTree = "<group>"; };
		147416FF1E308A210001BA5D /* Base */ = {isa = PBXFileReference; lastKnownFileType = file.storyboard; name = Base; path = Base.lproj/Main.storyboard; sourceTree = "<group>"; };
		147417011E308A210001BA5D /* Assets.xcassets */ = {isa = PBXFileReference; lastKnownFileType = folder.assetcatalog; path = Assets.xcassets; sourceTree = "<group>"; };
		147417041E308A210001BA5D /* Base */ = {isa = PBXFileReference; lastKnownFileType = file.storyboard; name = Base; path = Base.lproj/LaunchScreen.storyboard; sourceTree = "<group>"; };
		147417061E308A210001BA5D /* Info.plist */ = {isa = PBXFileReference; lastKnownFileType = text.plist.xml; path = Info.plist; sourceTree = "<group>"; };
		1474170C1E30967E0001BA5D /* TableViewController.swift */ = {isa = PBXFileReference; fileEncoding = 4; lastKnownFileType = sourcecode.swift; path = TableViewController.swift; sourceTree = "<group>"; };
/* End PBXFileReference section */

/* Begin PBXFrameworksBuildPhase section */
		147416F41E308A210001BA5D /* Frameworks */ = {
			isa = PBXFrameworksBuildPhase;
			buildActionMask = 2147483647;
			files = (
			);
			runOnlyForDeploymentPostprocessing = 0;
		};
/* End PBXFrameworksBuildPhase section */

/* Begin PBXGroup section */
		147416EE1E308A210001BA5D = {
			isa = PBXGroup;
			children = (
				147416F91E308A210001BA5D /* HelloiPhone */,
				147416F81E308A210001BA5D /* Products */,
			);
			sourceTree = "<group>";
		};
		147416F81E308A210001BA5D /* Products */ = {
			isa = PBXGroup;
			children = (
				147416F71E308A210001BA5D /* HelloiPhone.app */,
			);
			name = Products;
			sourceTree = "<group>";
		};
		147416F91E308A210001BA5D /* HelloiPhone */ = {
			isa = PBXGroup;
			children = (
				147416FA1E308A210001BA5D /* AppDelegate.swift */,
				147416FC1E308A210001BA5D /* ViewController.swift */,
				147416FE1E308A210001BA5D /* Main.storyboard */,
				1474170C1E30967E0001BA5D /* TableViewController.swift */,
				147417011E308A210001BA5D /* Assets.xcassets */,
				147417031E308A210001BA5D /* LaunchScreen.storyboard */,
				147417061E308A210001BA5D /* Info.plist */,
			);
			path = HelloiPhone;
			sourceTree = "<group>";
		};
/* End PBXGroup section */

/* Begin PBXNativeTarget section */
		147416F61E308A210001BA5D /* HelloiPhone */ = {
			isa = PBXNativeTarget;
			buildConfigurationList = 147417091E308A210001BA5D /* Build configuration list for PBXNativeTarget "HelloiPhone" */;
			buildPhases = (
				147416F31E308A210001BA5D /* Sources */,
				147416F41E308A210001BA5D /* Frameworks */,
				147416F51E308A210001BA5D /* Resources */,
			);
			buildRules = (
			);
			dependencies = (
			);
			name = HelloiPhone;
			productName = HelloiPhone;
			productReference = 147416F71E308A210001BA5D /* HelloiPhone.app */;
			productType = "com.apple.product-type.application";
		};
/* End PBXNativeTarget section */

/* Begin PBXProject section */
		147416EF1E308A210001BA5D /* Project object */ = {
			isa = PBXProject;
			attributes = {
				LastSwiftUpdateCheck = 0820;
				LastUpgradeCheck = 0820;
				ORGANIZATIONNAME = Test;
				TargetAttributes = {
					147416F61E308A210001BA5D = {
						CreatedOnToolsVersion = 8.2.1;
						DevelopmentTeam = 2HE2RUTC93;
						ProvisioningStyle = Automatic;
					};
				};
			};
			buildConfigurationList = 147416F21E308A210001BA5D /* Build configuration list for PBXProject "HelloiPhone" */;
			compatibilityVersion = "Xcode 3.2";
			developmentRegion = English;
			hasScannedForEncodings = 0;
			knownRegions = (
				en,
				Base,
			);
			mainGroup = 147416EE1E308A210001BA5D;
			productRefGroup = 147416F81E308A210001BA5D /* Products */;
			projectDirPath = "";
			projectRoot = "";
			targets = (
				147416F61E308A210001BA5D /* HelloiPhone */,
			);
		};
/* End PBXProject section */

/* Begin PBXResourcesBuildPhase section */
		147416F51E308A210001BA5D /* Resources */ = {
			isa = PBXResourcesBuildPhase;
			buildActionMask = 2147483647;
			files = (
				147417051E308A210001BA5D /* LaunchScreen.storyboard in Resources */,
				147417021E308A210001BA5D /* Assets.xcassets in Resources */,
				147417001E308A210001BA5D /* Main.storyboard in Resources */,
			);
			runOnlyForDeploymentPostprocessing = 0;
		};
/* End PBXResourcesBuildPhase section */

/* Begin PBXSourcesBuildPhase section */
		147416F31E308A210001BA5D /* Sources */ = {
			isa = PBXSourcesBuildPhase;
			buildActionMask = 2147483647;
			files = (
				147416FD1E308A210001BA5D /* ViewController.swift in Sources */,
				1474170D1E30967E0001BA5D /* TableViewController.swift in Sources */,
				147416FB1E308A210001BA5D /* AppDelegate.swift in Sources */,
			);
			runOnlyForDeploymentPostprocessing = 0;
		};
/* End PBXSourcesBuildPhase section */

/* Begin PBXVariantGroup section */
		147416FE1E308A210001BA5D /* Main.storyboard */ = {
			isa = PBXVariantGroup;
			children = (
				147416FF1E308A210001BA5D /* Base */,
			);
			name = Main.storyboard;
			sourceTree = "<group>";
		};
		147417031E308A210001BA5D /* LaunchScreen.storyboard */ = {
			isa = PBXVariantGroup;
			children = (
				147417041E308A210001BA5D /* Base */,
			);
			name = LaunchScreen.storyboard;
			sourceTree = "<group>";
		};
/* End PBXVariantGroup section */

/* Begin XCBuildConfiguration section */
		147417071E308A210001BA5D /* Debug */ = {
			isa = XCBuildConfiguration;
			buildSettings = {
				ALWAYS_SEARCH_USER_PATHS = NO;
				CLANG_ANALYZER_NONNULL = YES;
				CLANG_CXX_LANGUAGE_STANDARD = "gnu++0x";
				CLANG_CXX_LIBRARY = "libc++";
				CLANG_ENABLE_MODULES = YES;
				CLANG_ENABLE_OBJC_ARC = YES;
				CLANG_WARN_BOOL_CONVERSION = YES;
				CLANG_WARN_CONSTANT_CONVERSION = YES;
				CLANG_WARN_DIRECT_OBJC_ISA_USAGE = YES_ERROR;
				CLANG_WARN_DOCUMENTATION_COMMENTS = YES;
				CLANG_WARN_EMPTY_BODY = YES;
				CLANG_WARN_ENUM_CONVERSION = YES;
				CLANG_WARN_INFINITE_RECURSION = YES;
				CLANG_WARN_INT_CONVERSION = YES;
				CLANG_WARN_OBJC_ROOT_CLASS = YES_ERROR;
				CLANG_WARN_SUSPICIOUS_MOVE = YES;
				CLANG_WARN_UNREACHABLE_CODE = YES;
				CLANG_WARN__DUPLICATE_METHOD_MATCH = YES;
				"CODE_SIGN_IDENTITY[sdk=iphoneos*]" = "iPhone Developer";
				COPY_PHASE_STRIP = NO;
				DEBUG_INFORMATION_FORMAT = dwarf;
				ENABLE_STRICT_OBJC_MSGSEND = YES;
				ENABLE_TESTABILITY = YES;
				GCC_C_LANGUAGE_STANDARD = gnu99;
				GCC_DYNAMIC_NO_PIC = NO;
				GCC_NO_COMMON_BLOCKS = YES;
				GCC_OPTIMIZATION_LEVEL = 0;
				GCC_PREPROCESSOR_DEFINITIONS = (
					"DEBUG=1",
					"$(inherited)",
				);
				GCC_WARN_64_TO_32_BIT_CONVERSION = YES;
				GCC_WARN_ABOUT_RETURN_TYPE = YES_ERROR;
				GCC_WARN_UNDECLARED_SELECTOR = YES;
				GCC_WARN_UNINITIALIZED_AUTOS = YES_AGGRESSIVE;
				GCC_WARN_UNUSED_FUNCTION = YES;
				GCC_WARN_UNUSED_VARIABLE = YES;
				IPHONEOS_DEPLOYMENT_TARGET = 10.2;
				MTL_ENABLE_DEBUG_INFO = YES;
				ONLY_ACTIVE_ARCH = YES;
				SDKROOT = iphoneos;
				SWIFT_ACTIVE_COMPILATION_CONDITIONS = DEBUG;
				SWIFT_OPTIMIZATION_LEVEL = "-Onone";
				TARGETED_DEVICE_FAMILY = "1,2";
			};
			name = Debug;
		};
		147417081E308A210001BA5D /* Release */ = {
			isa = XCBuildConfiguration;
			buildSettings = {
				ALWAYS_SEARCH_USER_PATHS = NO;
				CLANG_ANALYZER_NONNULL = YES;
				CLANG_CXX_LANGUAGE_STANDARD = "gnu++0x";
				CLANG_CXX_LIBRARY = "libc++";
				CLANG_ENABLE_MODULES = YES;
				CLANG_ENABLE_OBJC_ARC = YES;
				CLANG_WARN_BOOL_CONVERSION = YES;
				CLANG_WARN_CONSTANT_CONVERSION = YES;
				CLANG_WARN_DIRECT_OBJC_ISA_USAGE = YES_ERROR;
				CLANG_WARN_DOCUMENTATION_COMMENTS = YES;
				CLANG_WARN_EMPTY_BODY = YES;
				CLANG_WARN_ENUM_CONVERSION = YES;
				CLANG_WARN_INFINITE_RECURSION = YES;
				CLANG_WARN_INT_CONVERSION = YES;
				CLANG_WARN_OBJC_ROOT_CLASS = YES_ERROR;
				CLANG_WARN_SUSPICIOUS_MOVE = YES;
				CLANG_WARN_UNREACHABLE_CODE = YES;
				CLANG_WARN__DUPLICATE_METHOD_MATCH = YES;
				"CODE_SIGN_IDENTITY[sdk=iphoneos*]" = "iPhone Developer";
				COPY_PHASE_STRIP = NO;
				DEBUG_INFORMATION_FORMAT = "dwarf-with-dsym";
				ENABLE_NS_ASSERTIONS = NO;
				ENABLE_STRICT_OBJC_MSGSEND = YES;
				GCC_C_LANGUAGE_STANDARD = gnu99;
				GCC_NO_COMMON_BLOCKS = YES;
				GCC_WARN_64_TO_32_BIT_CONVERSION = YES;
				GCC_WARN_ABOUT_RETURN_TYPE = YES_ERROR;
				GCC_WARN_UNDECLARED_SELECTOR = YES;
				GCC_WARN_UNINITIALIZED_AUTOS = YES_AGGRESSIVE;
				GCC_WARN_UNUSED_FUNCTION = YES;
				GCC_WARN_UNUSED_VARIABLE = YES;
				IPHONEOS_DEPLOYMENT_TARGET = 10.2;
				MTL_ENABLE_DEBUG_INFO = NO;
				SDKROOT = iphoneos;
				SWIFT_OPTIMIZATION_LEVEL = "-Owholemodule";
				TARGETED_DEVICE_FAMILY = "1,2";
				VALIDATE_PRODUCT = YES;
			};
			name = Release;
		};
		1474170A1E308A210001BA5D /* Debug */ = {
			isa = XCBuildConfiguration;
			buildSettings = {
				ASSETCATALOG_COMPILER_APPICON_NAME = AppIcon;
				DEVELOPMENT_TEAM = 2HE2RUTC93;
				INFOPLIST_FILE = HelloiPhone/Info.plist;
				LD_RUNPATH_SEARCH_PATHS = "$(inherited) @executable_path/Frameworks";
				PRODUCT_BUNDLE_IDENTIFIER = com.testttt.HelloiPhone;
				PRODUCT_NAME = "$(TARGET_NAME)";
				SWIFT_VERSION = 3.0;
			};
			name = Debug;
		};
		1474170B1E308A210001BA5D /* Release */ = {
			isa = XCBuildConfiguration;
			buildSettings = {
				ASSETCATALOG_COMPILER_APPICON_NAME = AppIcon;
				DEVELOPMENT_TEAM = 2HE2RUTC93;
				INFOPLIST_FILE = HelloiPhone/Info.plist;
				LD_RUNPATH_SEARCH_PATHS = "$(inherited) @executable_path/Frameworks";
				PRODUCT_BUNDLE_IDENTIFIER = com.testttt.HelloiPhone;
				PRODUCT_NAME = "$(TARGET_NAME)";
				SWIFT_VERSION = 3.0;
			};
			name = Release;
		};
/* End XCBuildConfiguration section */

/* Begin XCConfigurationList section */
		147416F21E308A210001BA5D /* Build configuration list for PBXProject "HelloiPhone" */ = {
			isa = XCConfigurationList;
			buildConfigurations = (
				147417071E308A210001BA5D /* Debug */,
				147417081E308A210001BA5D /* Release */,
			);
			defaultConfigurationIsVisible = 0;
			defaultConfigurationName = Release;
		};
		147417091E308A210001BA5D /* Build configuration list for PBXNativeTarget "HelloiPhone" */ = {
			isa = XCConfigurationList;
			buildConfigurations = (
				1474170A1E308A210001BA5D /* Debug */,
				1474170B1E308A210001BA5D /* Release */,
			);
			defaultConfigurationIsVisible = 0;
			defaultConfigurationName = Release;
		};
/* End XCConfigurationList section */
	};
	rootObject = 147416EF1E308A210001BA5D /* Project object */;
}
